
Microsoft Visual Studio Solution File, Format Version 12.00
# Visual Studio Version 17
VisualStudioVersion = 17.2.32505.173
MinimumVisualStudioVersion = 10.0.40219.1
Project("{FAE04EC0-301F-11D3-BF4B-00C04F79EFBC}") = "Api", "Api\Api.csproj", "{3B1A5118-2EDA-46C6-A0AF-E783F9B244BF}"
EndProject
Global
	GlobalSection(SolutionConfigurationPlatforms) = preSolution
		Debug|Any CPU = Debug|Any CPU
		Release|Any CPU = Release|Any CPU
	EndGlobalSection
	GlobalSection(ProjectConfigurationPlatforms) = postSolution
		{3B1A5118-2EDA-46C6-A0AF-E783F9B244BF}.Debug|Any CPU.ActiveCfg = Debug|Any CPU
		{3B1A5118-2EDA-46C6-A0AF-E783F9B244BF}.Debug|Any CPU.Build.0 = Debug|Any CPU
		{3B1A5118-2EDA-46C6-A0AF-E783F9B244BF}.Release|Any CPU.ActiveCfg = Release|Any CPU
		{3B1A5118-2EDA-46C6-A0AF-E783F9B244BF}.Release|Any CPU.Build.0 = Release|Any CPU
	EndGlobalSection
	GlobalSection(SolutionProperties) = preSolution
		HideSolutionNode = FALSE
	EndGlobalSection
	GlobalSection(ExtensibilityGlobals) = postSolution
		SolutionGuid = {C2876C29-670B-4C54-892B-85CF918EE719}
	EndGlobalSection
EndGlobal
